
Microsoft Visual Studio Solution File, Format Version 12.00
# Visual Studio Version 17
VisualStudioVersion = 17.13.35931.197 d17.13
MinimumVisualStudioVersion = 10.0.40219.1
Project("{FAE04EC0-301F-11D3-BF4B-00C04F79EFBC}") = "Part1ListDataStructure", "Part1ListDataStructure.csproj", "{09D4182E-97FC-40A1-9003-9E4E46D9C264}"
EndProject
Global
	GlobalSection(SolutionConfigurationPlatforms) = preSolution
		Debug|Any CPU = Debug|Any CPU
		Release|Any CPU = Release|Any CPU
	EndGlobalSection
	GlobalSection(ProjectConfigurationPlatforms) = postSolution
		{09D4182E-97FC-40A1-9003-9E4E46D9C264}.Debug|Any CPU.ActiveCfg = Debug|Any CPU
		{09D4182E-97FC-40A1-9003-9E4E46D9C264}.Debug|Any CPU.Build.0 = Debug|Any CPU
		{09D4182E-97FC-40A1-9003-9E4E46D9C264}.Release|Any CPU.ActiveCfg = Release|Any CPU
		{09D4182E-97FC-40A1-9003-9E4E46D9C264}.Release|Any CPU.Build.0 = Release|Any CPU
	EndGlobalSection
	GlobalSection(SolutionProperties) = preSolution
		HideSolutionNode = FALSE
	EndGlobalSection
	GlobalSection(ExtensibilityGlobals) = postSolution
		SolutionGuid = {EF260891-4450-4193-AD8E-6A208038078A}
	EndGlobalSection
EndGlobal
